
Microsoft Visual Studio Solution File, Format Version 12.00
# Visual Studio Version 17
VisualStudioVersion = 17.9.34728.123
MinimumVisualStudioVersion = 10.0.40219.1
Project("{FAE04EC0-301F-11D3-BF4B-00C04F79EFBC}") = "Data", "Data\Data.csproj", "{8CEE3319-F571-4E4C-93BB-26B68D97C5CC}"
EndProject
Global
	GlobalSection(SolutionConfigurationPlatforms) = preSolution
		Debug|Any CPU = Debug|Any CPU
		Release|Any CPU = Release|Any CPU
	EndGlobalSection
	GlobalSection(ProjectConfigurationPlatforms) = postSolution
		{8CEE3319-F571-4E4C-93BB-26B68D97C5CC}.Debug|Any CPU.ActiveCfg = Debug|Any CPU
		{8CEE3319-F571-4E4C-93BB-26B68D97C5CC}.Debug|Any CPU.Build.0 = Debug|Any CPU
		{8CEE3319-F571-4E4C-93BB-26B68D97C5CC}.Release|Any CPU.ActiveCfg = Release|Any CPU
		{8CEE3319-F571-4E4C-93BB-26B68D97C5CC}.Release|Any CPU.Build.0 = Release|Any CPU
	EndGlobalSection
	GlobalSection(SolutionProperties) = preSolution
		HideSolutionNode = FALSE
	EndGlobalSection
	GlobalSection(ExtensibilityGlobals) = postSolution
		SolutionGuid = {136A22E8-D8B3-4307-A188-0FB6A80E29E9}
	EndGlobalSection
EndGlobal
